
Microsoft Visual Studio Solution File, Format Version 12.00
# Visual Studio Version 17
VisualStudioVersion = 17.9.34607.119
MinimumVisualStudioVersion = 10.0.40219.1
Project("{FAE04EC0-301F-11D3-BF4B-00C04F79EFBC}") = "Laba9", "Laba9\Laba9.csproj", "{D76FAA46-A3A3-4682-AF54-22C00CB3ED9F}"
EndProject
Global
	GlobalSection(SolutionConfigurationPlatforms) = preSolution
		Debug|Any CPU = Debug|Any CPU
		Release|Any CPU = Release|Any CPU
	EndGlobalSection
	GlobalSection(ProjectConfigurationPlatforms) = postSolution
		{D76FAA46-A3A3-4682-AF54-22C00CB3ED9F}.Debug|Any CPU.ActiveCfg = Debug|Any CPU
		{D76FAA46-A3A3-4682-AF54-22C00CB3ED9F}.Debug|Any CPU.Build.0 = Debug|Any CPU
		{D76FAA46-A3A3-4682-AF54-22C00CB3ED9F}.Release|Any CPU.ActiveCfg = Release|Any CPU
		{D76FAA46-A3A3-4682-AF54-22C00CB3ED9F}.Release|Any CPU.Build.0 = Release|Any CPU
	EndGlobalSection
	GlobalSection(SolutionProperties) = preSolution
		HideSolutionNode = FALSE
	EndGlobalSection
	GlobalSection(ExtensibilityGlobals) = postSolution
		SolutionGuid = {A2208F98-DF8A-4A97-B300-C40067630AE6}
	EndGlobalSection
EndGlobal
